
Microsoft Visual Studio Solution File, Format Version 12.00
# Visual Studio 15
VisualStudioVersion = 15.0.27617.1
MinimumVisualStudioVersion = 10.0.40219.1
Project("{8BC9CEB8-8B4A-11D0-8D11-00A0C91BC942}") = "Zad4 - Power function", "Zad4 - Power function\Zad4 - Power function.vcxproj", "{A8927E28-27E7-43DD-9404-EF72BC56FDB2}"
EndProject
Global
	GlobalSection(SolutionConfigurationPlatforms) = preSolution
		Debug|x64 = Debug|x64
		Debug|x86 = Debug|x86
		Release|x64 = Release|x64
		Release|x86 = Release|x86
	EndGlobalSection
	GlobalSection(ProjectConfigurationPlatforms) = postSolution
		{A8927E28-27E7-43DD-9404-EF72BC56FDB2}.Debug|x64.ActiveCfg = Debug|x64
		{A8927E28-27E7-43DD-9404-EF72BC56FDB2}.Debug|x64.Build.0 = Debug|x64
		{A8927E28-27E7-43DD-9404-EF72BC56FDB2}.Debug|x86.ActiveCfg = Debug|Win32
		{A8927E28-27E7-43DD-9404-EF72BC56FDB2}.Debug|x86.Build.0 = Debug|Win32
		{A8927E28-27E7-43DD-9404-EF72BC56FDB2}.Release|x64.ActiveCfg = Release|x64
		{A8927E28-27E7-43DD-9404-EF72BC56FDB2}.Release|x64.Build.0 = Release|x64
		{A8927E28-27E7-43DD-9404-EF72BC56FDB2}.Release|x86.ActiveCfg = Release|Win32
		{A8927E28-27E7-43DD-9404-EF72BC56FDB2}.Release|x86.Build.0 = Release|Win32
	EndGlobalSection
	GlobalSection(SolutionProperties) = preSolution
		HideSolutionNode = FALSE
	EndGlobalSection
	GlobalSection(ExtensibilityGlobals) = postSolution
		SolutionGuid = {28609984-A5AA-4A5E-BE61-754BEA0F84A6}
	EndGlobalSection
EndGlobal
